
Microsoft Visual Studio Solution File, Format Version 12.00
# Visual Studio Version 17
VisualStudioVersion = 17.14.36616.10 d17.14
MinimumVisualStudioVersion = 10.0.40219.1
Project("{FAE04EC0-301F-11D3-BF4B-00C04F79EFBC}") = "WebAPIForumApp", "WebAPIForumApp\WebAPIForumApp.csproj", "{8A6EB51D-4468-4FF9-8B2E-1530196337DB}"
EndProject
Global
	GlobalSection(SolutionConfigurationPlatforms) = preSolution
		Debug|Any CPU = Debug|Any CPU
		Release|Any CPU = Release|Any CPU
	EndGlobalSection
	GlobalSection(ProjectConfigurationPlatforms) = postSolution
		{8A6EB51D-4468-4FF9-8B2E-1530196337DB}.Debug|Any CPU.ActiveCfg = Debug|Any CPU
		{8A6EB51D-4468-4FF9-8B2E-1530196337DB}.Debug|Any CPU.Build.0 = Debug|Any CPU
		{8A6EB51D-4468-4FF9-8B2E-1530196337DB}.Release|Any CPU.ActiveCfg = Release|Any CPU
		{8A6EB51D-4468-4FF9-8B2E-1530196337DB}.Release|Any CPU.Build.0 = Release|Any CPU
	EndGlobalSection
	GlobalSection(SolutionProperties) = preSolution
		HideSolutionNode = FALSE
	EndGlobalSection
	GlobalSection(ExtensibilityGlobals) = postSolution
		SolutionGuid = {84912ED5-4D9D-4C55-8B54-9DEFDB4A32C0}
	EndGlobalSection
EndGlobal
